
Microsoft Visual Studio Solution File, Format Version 12.00
# Visual Studio Version 17
VisualStudioVersion = 17.0.31903.59
MinimumVisualStudioVersion = 10.0.40219.1
Project("{9A19103F-16F7-4668-BE54-9A1E7A4F7556}") = "PostmanTool.Console", "PostmanTool.Console\PostmanTool.Console.csproj", "{F7D06411-67BD-4331-90FD-63019FD8E362}"
EndProject
Project("{9A19103F-16F7-4668-BE54-9A1E7A4F7556}") = "PostmanTool.Service", "PostmanTool.Service\PostmanTool.Service.csproj", "{A2A81EFA-B26A-4B35-B94B-D3618F812B78}"
EndProject
Project("{FAE04EC0-301F-11D3-BF4B-00C04F79EFBC}") = "PostmanTool.App", "PostmanTool.App\PostmanTool.App.csproj", "{CBAC8263-8221-41F0-8F89-CD472DEEBF1D}"
EndProject
Global
	GlobalSection(SolutionConfigurationPlatforms) = preSolution
		Debug|Any CPU = Debug|Any CPU
		Release|Any CPU = Release|Any CPU
	EndGlobalSection
	GlobalSection(ProjectConfigurationPlatforms) = postSolution
		{F7D06411-67BD-4331-90FD-63019FD8E362}.Debug|Any CPU.ActiveCfg = Debug|Any CPU
		{F7D06411-67BD-4331-90FD-63019FD8E362}.Debug|Any CPU.Build.0 = Debug|Any CPU
		{F7D06411-67BD-4331-90FD-63019FD8E362}.Release|Any CPU.ActiveCfg = Release|Any CPU
		{F7D06411-67BD-4331-90FD-63019FD8E362}.Release|Any CPU.Build.0 = Release|Any CPU
		{A2A81EFA-B26A-4B35-B94B-D3618F812B78}.Debug|Any CPU.ActiveCfg = Debug|Any CPU
		{A2A81EFA-B26A-4B35-B94B-D3618F812B78}.Debug|Any CPU.Build.0 = Debug|Any CPU
		{A2A81EFA-B26A-4B35-B94B-D3618F812B78}.Release|Any CPU.ActiveCfg = Release|Any CPU
		{A2A81EFA-B26A-4B35-B94B-D3618F812B78}.Release|Any CPU.Build.0 = Release|Any CPU
		{CBAC8263-8221-41F0-8F89-CD472DEEBF1D}.Debug|Any CPU.ActiveCfg = Debug|Any CPU
		{CBAC8263-8221-41F0-8F89-CD472DEEBF1D}.Debug|Any CPU.Build.0 = Debug|Any CPU
		{CBAC8263-8221-41F0-8F89-CD472DEEBF1D}.Release|Any CPU.ActiveCfg = Release|Any CPU
		{CBAC8263-8221-41F0-8F89-CD472DEEBF1D}.Release|Any CPU.Build.0 = Release|Any CPU
	EndGlobalSection
	GlobalSection(SolutionProperties) = preSolution
		HideSolutionNode = FALSE
	EndGlobalSection
	GlobalSection(ExtensibilityGlobals) = postSolution
		SolutionGuid = {52CD4717-D94E-49DE-A33B-50E95FBCD838}
	EndGlobalSection
EndGlobal
