
Microsoft Visual Studio Solution File, Format Version 12.00
# Visual Studio Version 16
VisualStudioVersion = 16.0.31410.357
MinimumVisualStudioVersion = 10.0.40219.1
Project("{FAE04EC0-301F-11D3-BF4B-00C04F79EFBC}") = "PostmanTool.Console", "PostmanTool.Console\PostmanTool.Console.csproj", "{F7D06411-67BD-4331-90FD-63019FD8E362}"
EndProject
Project("{FAE04EC0-301F-11D3-BF4B-00C04F79EFBC}") = "PostmanTool.Model", "PostmanTool.Model\PostmanTool.Model.csproj", "{9DD3920F-E4EF-4014-8F89-C3B710120B54}"
EndProject
Global
	GlobalSection(SolutionConfigurationPlatforms) = preSolution
		Debug|Any CPU = Debug|Any CPU
		Release|Any CPU = Release|Any CPU
	EndGlobalSection
	GlobalSection(ProjectConfigurationPlatforms) = postSolution
		{F7D06411-67BD-4331-90FD-63019FD8E362}.Debug|Any CPU.ActiveCfg = Debug|Any CPU
		{F7D06411-67BD-4331-90FD-63019FD8E362}.Debug|Any CPU.Build.0 = Debug|Any CPU
		{F7D06411-67BD-4331-90FD-63019FD8E362}.Release|Any CPU.ActiveCfg = Release|Any CPU
		{F7D06411-67BD-4331-90FD-63019FD8E362}.Release|Any CPU.Build.0 = Release|Any CPU
		{9DD3920F-E4EF-4014-8F89-C3B710120B54}.Debug|Any CPU.ActiveCfg = Debug|Any CPU
		{9DD3920F-E4EF-4014-8F89-C3B710120B54}.Debug|Any CPU.Build.0 = Debug|Any CPU
		{9DD3920F-E4EF-4014-8F89-C3B710120B54}.Release|Any CPU.ActiveCfg = Release|Any CPU
		{9DD3920F-E4EF-4014-8F89-C3B710120B54}.Release|Any CPU.Build.0 = Release|Any CPU
	EndGlobalSection
	GlobalSection(SolutionProperties) = preSolution
		HideSolutionNode = FALSE
	EndGlobalSection
	GlobalSection(ExtensibilityGlobals) = postSolution
		SolutionGuid = {52CD4717-D94E-49DE-A33B-50E95FBCD838}
	EndGlobalSection
EndGlobal
